<?xml version="1.0" encoding="utf-8"?>
<Project ToolsVersion="4.0" xmlns="http://schemas.microsoft.com/developer/msbuild/2003">
  <ItemGroup>
    <Filter Include="Source Files">
      <UniqueIdentifier>{4FC737F1-C7A5-4376-A066-2A32D752A2FF}</UniqueIdentifier>
      <Extensions>cpp;c;cc;cxx;c++;cppm;ixx;def;odl;idl;hpj;bat;asm;asmx</Extensions>
    </Filter>
    <Filter Include="Header Files">
      <UniqueIdentifier>{93995380-89BD-4b04-88EB-625FBE52EBFB}</UniqueIdentifier>
      <Extensions>h;hh;hpp;hxx;h++;hm;inl;inc;ipp;xsd</Extensions>
    </Filter>
    <Filter Include="Resource Files">
      <UniqueIdentifier>{67DA6AB6-F800-4c08-8B7A-83BB121AAD01}</UniqueIdentifier>
      <Extensions>rc;ico;cur;bmp;dlg;rc2;rct;bin;rgs;gif;jpg;jpeg;jpe;resx;tiff;tif;png;wav;mfcribbon-ms</Extensions>
    </Filter>
    <Filter Include="Source Files\renderBase">
      <UniqueIdentifier>{1604c414-feec-4852-8ffc-76bba22b5f13}</UniqueIdentifier>
    </Filter>
    <Filter Include="Header Files\renderBase">
      <UniqueIdentifier>{01011156-5e8f-4b6e-a6d3-d2f2bf2b07c0}</UniqueIdentifier>
    </Filter>
    <Filter Include="Source Files\render2D">
      <UniqueIdentifier>{3a373306-a3b1-44b0-b88d-86f63409fd96}</UniqueIdentifier>
    </Filter>
    <Filter Include="Header Files\render2D">
      <UniqueIdentifier>{b9fc2ef1-6877-4163-b236-2949236bb8de}</UniqueIdentifier>
    </Filter>
    <Filter Include="Source Files\render3D">
      <UniqueIdentifier>{7da9451c-d22f-44ee-80b2-a7f520e51847}</UniqueIdentifier>
    </Filter>
    <Filter Include="Header Files\render3D">
      <UniqueIdentifier>{868bc673-91b0-4f8b-b9c7-06240a35b441}</UniqueIdentifier>
    </Filter>
    <Filter Include="Header Files\renderPerspective">
      <UniqueIdentifier>{267a9452-ebfb-4099-9087-7df371b0feca}</UniqueIdentifier>
    </Filter>
    <Filter Include="Source Files\renderPerspective">
      <UniqueIdentifier>{0e0040eb-3b07-4b0e-a329-095f26cb2d3c}</UniqueIdentifier>
    </Filter>
    <Filter Include="Source Files\renderEngine">
      <UniqueIdentifier>{0d3e3427-4b44-44b5-ba14-cc2ac9836dd4}</UniqueIdentifier>
    </Filter>
    <Filter Include="Header Files\renderEngine">
      <UniqueIdentifier>{a2db0d16-62a8-4b3a-8b43-bdbae776949c}</UniqueIdentifier>
    </Filter>
    <Filter Include="Source Files\renderEngine\models">
      <UniqueIdentifier>{35e80706-ca2d-4e33-8807-1524b5f526e5}</UniqueIdentifier>
    </Filter>
    <Filter Include="Source Files\renderEngine\builders">
      <UniqueIdentifier>{0cd40ad1-9cc9-47c0-930d-652376a3fc75}</UniqueIdentifier>
    </Filter>
    <Filter Include="Source Files\renderEngine\cameras">
      <UniqueIdentifier>{574e4b41-a527-46bf-bb02-3d6a800f446d}</UniqueIdentifier>
    </Filter>
    <Filter Include="Header Files\renderEngine\models">
      <UniqueIdentifier>{4913682d-c970-42d3-bacc-923e4f32021c}</UniqueIdentifier>
    </Filter>
    <Filter Include="Header Files\renderEngine\builders">
      <UniqueIdentifier>{e7213486-0fb4-4f7c-b190-c48ee6cf1947}</UniqueIdentifier>
    </Filter>
    <Filter Include="Header Files\renderEngine\cameras">
      <UniqueIdentifier>{fd6de102-8429-4079-aeb5-85ebd3d55119}</UniqueIdentifier>
    </Filter>
  </ItemGroup>
  <ItemGroup>
    <ClCompile Include="RGB.cpp">
      <Filter>Source Files\renderBase</Filter>
    </ClCompile>
    <ClCompile Include="SDL2Wrapper.cpp">
      <Filter>Source Files\renderBase</Filter>
    </ClCompile>
    <ClCompile Include="Vector2D.cpp">
      <Filter>Source Files\render2D</Filter>
    </ClCompile>
    <ClCompile Include="Point2D.cpp">
      <Filter>Source Files\render2D</Filter>
    </ClCompile>
    <ClCompile Include="Renderer2D.cpp">
      <Filter>Source Files\render2D</Filter>
    </ClCompile>
    <ClCompile Include="Renderer3D.cpp">
      <Filter>Source Files\render3D</Filter>
    </ClCompile>
    <ClCompile Include="Point3D.cpp">
      <Filter>Source Files\render3D</Filter>
    </ClCompile>
    <ClCompile Include="Line3D.cpp">
      <Filter>Source Files\render3D</Filter>
    </ClCompile>
    <ClCompile Include="Matrix3D.cpp">
      <Filter>Source Files\render3D</Filter>
    </ClCompile>
    <ClCompile Include="Line2D.cpp">
      <Filter>Source Files\render2D</Filter>
    </ClCompile>
    <ClCompile Include="Matrix2D.cpp">
      <Filter>Source Files\render2D</Filter>
    </ClCompile>
    <ClCompile Include="linal.cpp">
      <Filter>Source Files</Filter>
    </ClCompile>
    <ClCompile Include="rendererPerspective.cpp">
      <Filter>Source Files\renderPerspective</Filter>
    </ClCompile>
    <ClCompile Include="RenderEngine.cpp">
      <Filter>Source Files\renderEngine</Filter>
    </ClCompile>
    <ClCompile Include="Object.cpp">
      <Filter>Source Files\renderEngine\models</Filter>
    </ClCompile>
    <ClCompile Include="Structure.cpp">
      <Filter>Source Files\renderEngine\models</Filter>
    </ClCompile>
    <ClCompile Include="Camera2D.cpp">
      <Filter>Source Files\renderEngine\cameras</Filter>
    </ClCompile>
    <ClCompile Include="CameraPerspective.cpp">
      <Filter>Source Files\renderEngine\cameras</Filter>
    </ClCompile>
    <ClCompile Include="Shader.cpp">
      <Filter>Source Files\renderEngine</Filter>
    </ClCompile>
    <ClCompile Include="Square.cpp">
      <Filter>Source Files\renderEngine\models</Filter>
    </ClCompile>
  </ItemGroup>
  <ItemGroup>
    <ClInclude Include="SDL2Wrapper.h">
      <Filter>Header Files\renderBase</Filter>
    </ClInclude>
    <ClInclude Include="RGB.h">
      <Filter>Header Files\renderBase</Filter>
    </ClInclude>
    <ClInclude Include="Vector2D.h">
      <Filter>Header Files\render2D</Filter>
    </ClInclude>
    <ClInclude Include="Point2D.h">
      <Filter>Header Files\render2D</Filter>
    </ClInclude>
    <ClInclude Include="Renderer2D.h">
      <Filter>Header Files\render2D</Filter>
    </ClInclude>
    <ClInclude Include="Renderer.h">
      <Filter>Header Files\renderBase</Filter>
    </ClInclude>
    <ClInclude Include="Renderer3D.h">
      <Filter>Header Files\render3D</Filter>
    </ClInclude>
    <ClInclude Include="Point3D.h">
      <Filter>Header Files\render3D</Filter>
    </ClInclude>
    <ClInclude Include="Line3D.h">
      <Filter>Header Files\render3D</Filter>
    </ClInclude>
    <ClInclude Include="Matrix3D.h">
      <Filter>Header Files\render3D</Filter>
    </ClInclude>
    <ClInclude Include="Line2D.h">
      <Filter>Header Files\render2D</Filter>
    </ClInclude>
    <ClInclude Include="Matrix2D.h">
      <Filter>Header Files\render2D</Filter>
    </ClInclude>
    <ClInclude Include="rendererPerspective.h">
      <Filter>Header Files\renderPerspective</Filter>
    </ClInclude>
    <ClInclude Include="RenderEngine.h">
      <Filter>Header Files\renderEngine</Filter>
    </ClInclude>
    <ClInclude Include="Object.h">
      <Filter>Header Files\renderEngine\models</Filter>
    </ClInclude>
    <ClInclude Include="Structure.h">
      <Filter>Header Files\renderEngine\models</Filter>
    </ClInclude>
    <ClInclude Include="Camera.h">
      <Filter>Header Files\renderEngine\cameras</Filter>
    </ClInclude>
    <ClInclude Include="Camera2D.h">
      <Filter>Header Files\renderEngine\cameras</Filter>
    </ClInclude>
    <ClInclude Include="CameraPerspective.h">
      <Filter>Header Files\renderEngine\cameras</Filter>
    </ClInclude>
    <ClInclude Include="Shader.h">
      <Filter>Header Files\renderEngine</Filter>
    </ClInclude>
    <ClInclude Include="Square.h">
      <Filter>Header Files\renderEngine\models</Filter>
    </ClInclude>
  </ItemGroup>
</Project>